
Microsoft Visual Studio Solution File, Format Version 12.00
Project("{FAE04EC0-301F-11D3-BF4B-00C04F79EFBC}") = "gh-integration-tool", "gh-integration-tool.csproj", "{224D34BC-3E77-41E4-B0B5-DE853D4B0CB0}"
EndProject
Global
	GlobalSection(SolutionConfigurationPlatforms) = preSolution
		Debug|Any CPU = Debug|Any CPU
		Release|Any CPU = Release|Any CPU
	EndGlobalSection
	GlobalSection(ProjectConfigurationPlatforms) = postSolution
		{224D34BC-3E77-41E4-B0B5-DE853D4B0CB0}.Debug|Any CPU.ActiveCfg = Debug|Any CPU
		{224D34BC-3E77-41E4-B0B5-DE853D4B0CB0}.Debug|Any CPU.Build.0 = Debug|Any CPU
		{224D34BC-3E77-41E4-B0B5-DE853D4B0CB0}.Release|Any CPU.ActiveCfg = Release|Any CPU
		{224D34BC-3E77-41E4-B0B5-DE853D4B0CB0}.Release|Any CPU.Build.0 = Release|Any CPU
	EndGlobalSection
EndGlobal
